
Microsoft Visual Studio Solution File, Format Version 12.00
# Visual Studio Version 17
VisualStudioVersion = 17.14.36811.4
MinimumVisualStudioVersion = 10.0.40219.1
Project("{FAE04EC0-301F-11D3-BF4B-00C04F79EFBC}") = "CZJ.Extension", "CZJ.Extension\CZJ.Extension.csproj", "{8136E692-A94C-4475-91D3-F7A0D13AE91E}"
EndProject
Project("{2150E333-8FDC-42A3-9474-1A3956D46DE8}") = "src", "src", "{02EA681E-C7D8-13C7-8484-4AC65E1B71E8}"
EndProject
Project("{2150E333-8FDC-42A3-9474-1A3956D46DE8}") = "Solution Items", "Solution Items", "{3FBC3471-D15A-452A-8BE1-ED940E991BAC}"
	ProjectSection(SolutionItems) = preProject
		..\.editorconfig = ..\.editorconfig
		..\Directory.Build.props = ..\Directory.Build.props
		..\README.md = ..\README.md
	EndProjectSection
EndProject
Project("{2150E333-8FDC-42A3-9474-1A3956D46DE8}") = "build", "build", "{7C5B1C6D-863C-4E0C-B9C7-3E294D1FA0E9}"
	ProjectSection(SolutionItems) = preProject
		..\build\build.bat = ..\build\build.bat
		..\build\git-batch-pull.bat = ..\build\git-batch-pull.bat
		..\build\git-pull.bat = ..\build\git-pull.bat
		..\build\git-push.bat = ..\build\git-push.bat
		..\build\git-tool.bat = ..\build\git-tool.bat
		..\build\nuget-publish.bat = ..\build\nuget-publish.bat
		..\build\nuget.exe = ..\build\nuget.exe
		..\build\publish.bat = ..\build\publish.bat
	EndProjectSection
EndProject
Project("{2150E333-8FDC-42A3-9474-1A3956D46DE8}") = "test", "test", "{01818D82-82B8-4593-AE26-773CD9DDB282}"
EndProject
Project("{FAE04EC0-301F-11D3-BF4B-00C04F79EFBC}") = "TestProject", "TestProject\TestProject.csproj", "{BB3F4DF2-D007-4D41-BD72-9B7A09B63B45}"
EndProject
Project("{FAE04EC0-301F-11D3-BF4B-00C04F79EFBC}") = "CZJ.ConfigurationExtension", "CZJ.ConfigurationExtension\CZJ.ConfigurationExtension.csproj", "{A574DE90-86BC-47FF-BA02-79CE79747A42}"
EndProject
Project("{FAE04EC0-301F-11D3-BF4B-00C04F79EFBC}") = "CZJ.ImageExtension", "CZJ.ImageExtension\CZJ.ImageExtension.csproj", "{FB56781C-4C58-4C9D-AF20-4332C64AC2F1}"
EndProject
Project("{FAE04EC0-301F-11D3-BF4B-00C04F79EFBC}") = "CZJ.ExcelExtension", "CZJ.ExcelExtension\CZJ.ExcelExtension.csproj", "{88EB5473-6E23-4FCB-8E07-2A3380ECECC1}"
EndProject
Project("{FAE04EC0-301F-11D3-BF4B-00C04F79EFBC}") = "CZJ.ExcelExtensionTest", "CZJ.ExcelExtensionTest\CZJ.ExcelExtensionTest.csproj", "{36488DA4-D325-4E35-8B5E-D72822468DC1}"
EndProject
Global
	GlobalSection(SolutionConfigurationPlatforms) = preSolution
		Debug|Any CPU = Debug|Any CPU
		Release|Any CPU = Release|Any CPU
	EndGlobalSection
	GlobalSection(ProjectConfigurationPlatforms) = postSolution
		{8136E692-A94C-4475-91D3-F7A0D13AE91E}.Debug|Any CPU.ActiveCfg = Debug|Any CPU
		{8136E692-A94C-4475-91D3-F7A0D13AE91E}.Debug|Any CPU.Build.0 = Debug|Any CPU
		{8136E692-A94C-4475-91D3-F7A0D13AE91E}.Release|Any CPU.ActiveCfg = Release|Any CPU
		{8136E692-A94C-4475-91D3-F7A0D13AE91E}.Release|Any CPU.Build.0 = Release|Any CPU
		{BB3F4DF2-D007-4D41-BD72-9B7A09B63B45}.Debug|Any CPU.ActiveCfg = Debug|Any CPU
		{BB3F4DF2-D007-4D41-BD72-9B7A09B63B45}.Debug|Any CPU.Build.0 = Debug|Any CPU
		{BB3F4DF2-D007-4D41-BD72-9B7A09B63B45}.Release|Any CPU.ActiveCfg = Release|Any CPU
		{BB3F4DF2-D007-4D41-BD72-9B7A09B63B45}.Release|Any CPU.Build.0 = Release|Any CPU
		{A574DE90-86BC-47FF-BA02-79CE79747A42}.Debug|Any CPU.ActiveCfg = Debug|Any CPU
		{A574DE90-86BC-47FF-BA02-79CE79747A42}.Debug|Any CPU.Build.0 = Debug|Any CPU
		{A574DE90-86BC-47FF-BA02-79CE79747A42}.Release|Any CPU.ActiveCfg = Release|Any CPU
		{A574DE90-86BC-47FF-BA02-79CE79747A42}.Release|Any CPU.Build.0 = Release|Any CPU
		{FB56781C-4C58-4C9D-AF20-4332C64AC2F1}.Debug|Any CPU.ActiveCfg = Debug|Any CPU
		{FB56781C-4C58-4C9D-AF20-4332C64AC2F1}.Debug|Any CPU.Build.0 = Debug|Any CPU
		{FB56781C-4C58-4C9D-AF20-4332C64AC2F1}.Release|Any CPU.ActiveCfg = Release|Any CPU
		{FB56781C-4C58-4C9D-AF20-4332C64AC2F1}.Release|Any CPU.Build.0 = Release|Any CPU
		{88EB5473-6E23-4FCB-8E07-2A3380ECECC1}.Debug|Any CPU.ActiveCfg = Debug|Any CPU
		{88EB5473-6E23-4FCB-8E07-2A3380ECECC1}.Debug|Any CPU.Build.0 = Debug|Any CPU
		{88EB5473-6E23-4FCB-8E07-2A3380ECECC1}.Release|Any CPU.ActiveCfg = Release|Any CPU
		{88EB5473-6E23-4FCB-8E07-2A3380ECECC1}.Release|Any CPU.Build.0 = Release|Any CPU
		{36488DA4-D325-4E35-8B5E-D72822468DC1}.Debug|Any CPU.ActiveCfg = Debug|Any CPU
		{36488DA4-D325-4E35-8B5E-D72822468DC1}.Debug|Any CPU.Build.0 = Debug|Any CPU
		{36488DA4-D325-4E35-8B5E-D72822468DC1}.Release|Any CPU.ActiveCfg = Release|Any CPU
		{36488DA4-D325-4E35-8B5E-D72822468DC1}.Release|Any CPU.Build.0 = Release|Any CPU
	EndGlobalSection
	GlobalSection(SolutionProperties) = preSolution
		HideSolutionNode = FALSE
	EndGlobalSection
	GlobalSection(NestedProjects) = preSolution
		{8136E692-A94C-4475-91D3-F7A0D13AE91E} = {02EA681E-C7D8-13C7-8484-4AC65E1B71E8}
		{BB3F4DF2-D007-4D41-BD72-9B7A09B63B45} = {01818D82-82B8-4593-AE26-773CD9DDB282}
		{A574DE90-86BC-47FF-BA02-79CE79747A42} = {02EA681E-C7D8-13C7-8484-4AC65E1B71E8}
		{FB56781C-4C58-4C9D-AF20-4332C64AC2F1} = {02EA681E-C7D8-13C7-8484-4AC65E1B71E8}
		{88EB5473-6E23-4FCB-8E07-2A3380ECECC1} = {02EA681E-C7D8-13C7-8484-4AC65E1B71E8}
		{36488DA4-D325-4E35-8B5E-D72822468DC1} = {01818D82-82B8-4593-AE26-773CD9DDB282}
	EndGlobalSection
	GlobalSection(ExtensibilityGlobals) = postSolution
		SolutionGuid = {E9D1D61E-510F-42AD-934A-B5A243950948}
	EndGlobalSection
EndGlobal
